
Microsoft Visual Studio Solution File, Format Version 12.00
# Visual Studio 15
VisualStudioVersion = 15.0.26124.0
MinimumVisualStudioVersion = 15.0.26124.0
Project("{FAE04EC0-301F-11D3-BF4B-00C04F79EFBC}") = "Checkout.Api", "Checkout.Api\Checkout.Api.csproj", "{013AA12D-AF0F-478B-8457-A527E1148A57}"
EndProject
Project("{FAE04EC0-301F-11D3-BF4B-00C04F79EFBC}") = "Checkout.Entities", "Checkout.Entities\Checkout.Entities.csproj", "{F8C58144-EF5B-449A-8541-01742D81338A}"
EndProject
Project("{FAE04EC0-301F-11D3-BF4B-00C04F79EFBC}") = "Checkout.Storage", "Checkout.Storage\Checkout.Storage.csproj", "{E8B65B0E-76B9-41EC-AD75-7D552ADF2FA4}"
EndProject
Project("{FAE04EC0-301F-11D3-BF4B-00C04F79EFBC}") = "Checkout.Tests", "Checkout.Tests\Checkout.Tests.csproj", "{1601C50D-0246-4BFD-9CA2-FA5986060422}"
EndProject
Project("{FAE04EC0-301F-11D3-BF4B-00C04F79EFBC}") = "Checkout.Client", "Checkout.Client\Checkout.Client.csproj", "{286CB9BA-F00B-4714-BD5F-3E5AC128B64D}"
EndProject
Global
	GlobalSection(SolutionConfigurationPlatforms) = preSolution
		Debug|Any CPU = Debug|Any CPU
		Debug|x64 = Debug|x64
		Debug|x86 = Debug|x86
		Release|Any CPU = Release|Any CPU
		Release|x64 = Release|x64
		Release|x86 = Release|x86
	EndGlobalSection
	GlobalSection(SolutionProperties) = preSolution
		HideSolutionNode = FALSE
	EndGlobalSection
	GlobalSection(ProjectConfigurationPlatforms) = postSolution
		{013AA12D-AF0F-478B-8457-A527E1148A57}.Debug|Any CPU.ActiveCfg = Debug|Any CPU
		{013AA12D-AF0F-478B-8457-A527E1148A57}.Debug|Any CPU.Build.0 = Debug|Any CPU
		{013AA12D-AF0F-478B-8457-A527E1148A57}.Debug|x64.ActiveCfg = Debug|Any CPU
		{013AA12D-AF0F-478B-8457-A527E1148A57}.Debug|x64.Build.0 = Debug|Any CPU
		{013AA12D-AF0F-478B-8457-A527E1148A57}.Debug|x86.ActiveCfg = Debug|Any CPU
		{013AA12D-AF0F-478B-8457-A527E1148A57}.Debug|x86.Build.0 = Debug|Any CPU
		{013AA12D-AF0F-478B-8457-A527E1148A57}.Release|Any CPU.ActiveCfg = Release|Any CPU
		{013AA12D-AF0F-478B-8457-A527E1148A57}.Release|Any CPU.Build.0 = Release|Any CPU
		{013AA12D-AF0F-478B-8457-A527E1148A57}.Release|x64.ActiveCfg = Release|Any CPU
		{013AA12D-AF0F-478B-8457-A527E1148A57}.Release|x64.Build.0 = Release|Any CPU
		{013AA12D-AF0F-478B-8457-A527E1148A57}.Release|x86.ActiveCfg = Release|Any CPU
		{013AA12D-AF0F-478B-8457-A527E1148A57}.Release|x86.Build.0 = Release|Any CPU
		{F8C58144-EF5B-449A-8541-01742D81338A}.Debug|Any CPU.ActiveCfg = Debug|Any CPU
		{F8C58144-EF5B-449A-8541-01742D81338A}.Debug|Any CPU.Build.0 = Debug|Any CPU
		{F8C58144-EF5B-449A-8541-01742D81338A}.Debug|x64.ActiveCfg = Debug|Any CPU
		{F8C58144-EF5B-449A-8541-01742D81338A}.Debug|x64.Build.0 = Debug|Any CPU
		{F8C58144-EF5B-449A-8541-01742D81338A}.Debug|x86.ActiveCfg = Debug|Any CPU
		{F8C58144-EF5B-449A-8541-01742D81338A}.Debug|x86.Build.0 = Debug|Any CPU
		{F8C58144-EF5B-449A-8541-01742D81338A}.Release|Any CPU.ActiveCfg = Release|Any CPU
		{F8C58144-EF5B-449A-8541-01742D81338A}.Release|Any CPU.Build.0 = Release|Any CPU
		{F8C58144-EF5B-449A-8541-01742D81338A}.Release|x64.ActiveCfg = Release|Any CPU
		{F8C58144-EF5B-449A-8541-01742D81338A}.Release|x64.Build.0 = Release|Any CPU
		{F8C58144-EF5B-449A-8541-01742D81338A}.Release|x86.ActiveCfg = Release|Any CPU
		{F8C58144-EF5B-449A-8541-01742D81338A}.Release|x86.Build.0 = Release|Any CPU
		{E8B65B0E-76B9-41EC-AD75-7D552ADF2FA4}.Debug|Any CPU.ActiveCfg = Debug|Any CPU
		{E8B65B0E-76B9-41EC-AD75-7D552ADF2FA4}.Debug|Any CPU.Build.0 = Debug|Any CPU
		{E8B65B0E-76B9-41EC-AD75-7D552ADF2FA4}.Debug|x64.ActiveCfg = Debug|Any CPU
		{E8B65B0E-76B9-41EC-AD75-7D552ADF2FA4}.Debug|x64.Build.0 = Debug|Any CPU
		{E8B65B0E-76B9-41EC-AD75-7D552ADF2FA4}.Debug|x86.ActiveCfg = Debug|Any CPU
		{E8B65B0E-76B9-41EC-AD75-7D552ADF2FA4}.Debug|x86.Build.0 = Debug|Any CPU
		{E8B65B0E-76B9-41EC-AD75-7D552ADF2FA4}.Release|Any CPU.ActiveCfg = Release|Any CPU
		{E8B65B0E-76B9-41EC-AD75-7D552ADF2FA4}.Release|Any CPU.Build.0 = Release|Any CPU
		{E8B65B0E-76B9-41EC-AD75-7D552ADF2FA4}.Release|x64.ActiveCfg = Release|Any CPU
		{E8B65B0E-76B9-41EC-AD75-7D552ADF2FA4}.Release|x64.Build.0 = Release|Any CPU
		{E8B65B0E-76B9-41EC-AD75-7D552ADF2FA4}.Release|x86.ActiveCfg = Release|Any CPU
		{E8B65B0E-76B9-41EC-AD75-7D552ADF2FA4}.Release|x86.Build.0 = Release|Any CPU
		{1601C50D-0246-4BFD-9CA2-FA5986060422}.Debug|Any CPU.ActiveCfg = Debug|Any CPU
		{1601C50D-0246-4BFD-9CA2-FA5986060422}.Debug|Any CPU.Build.0 = Debug|Any CPU
		{1601C50D-0246-4BFD-9CA2-FA5986060422}.Debug|x64.ActiveCfg = Debug|Any CPU
		{1601C50D-0246-4BFD-9CA2-FA5986060422}.Debug|x64.Build.0 = Debug|Any CPU
		{1601C50D-0246-4BFD-9CA2-FA5986060422}.Debug|x86.ActiveCfg = Debug|Any CPU
		{1601C50D-0246-4BFD-9CA2-FA5986060422}.Debug|x86.Build.0 = Debug|Any CPU
		{1601C50D-0246-4BFD-9CA2-FA5986060422}.Release|Any CPU.ActiveCfg = Release|Any CPU
		{1601C50D-0246-4BFD-9CA2-FA5986060422}.Release|Any CPU.Build.0 = Release|Any CPU
		{1601C50D-0246-4BFD-9CA2-FA5986060422}.Release|x64.ActiveCfg = Release|Any CPU
		{1601C50D-0246-4BFD-9CA2-FA5986060422}.Release|x64.Build.0 = Release|Any CPU
		{1601C50D-0246-4BFD-9CA2-FA5986060422}.Release|x86.ActiveCfg = Release|Any CPU
		{1601C50D-0246-4BFD-9CA2-FA5986060422}.Release|x86.Build.0 = Release|Any CPU
		{286CB9BA-F00B-4714-BD5F-3E5AC128B64D}.Debug|Any CPU.ActiveCfg = Debug|Any CPU
		{286CB9BA-F00B-4714-BD5F-3E5AC128B64D}.Debug|Any CPU.Build.0 = Debug|Any CPU
		{286CB9BA-F00B-4714-BD5F-3E5AC128B64D}.Debug|x64.ActiveCfg = Debug|Any CPU
		{286CB9BA-F00B-4714-BD5F-3E5AC128B64D}.Debug|x64.Build.0 = Debug|Any CPU
		{286CB9BA-F00B-4714-BD5F-3E5AC128B64D}.Debug|x86.ActiveCfg = Debug|Any CPU
		{286CB9BA-F00B-4714-BD5F-3E5AC128B64D}.Debug|x86.Build.0 = Debug|Any CPU
		{286CB9BA-F00B-4714-BD5F-3E5AC128B64D}.Release|Any CPU.ActiveCfg = Release|Any CPU
		{286CB9BA-F00B-4714-BD5F-3E5AC128B64D}.Release|Any CPU.Build.0 = Release|Any CPU
		{286CB9BA-F00B-4714-BD5F-3E5AC128B64D}.Release|x64.ActiveCfg = Release|Any CPU
		{286CB9BA-F00B-4714-BD5F-3E5AC128B64D}.Release|x64.Build.0 = Release|Any CPU
		{286CB9BA-F00B-4714-BD5F-3E5AC128B64D}.Release|x86.ActiveCfg = Release|Any CPU
		{286CB9BA-F00B-4714-BD5F-3E5AC128B64D}.Release|x86.Build.0 = Release|Any CPU
	EndGlobalSection
EndGlobal
